PODS:
  - kotlin_library (1.0)

DEPENDENCIES:
  - kotlin_library (from `../kotlin-library`)

EXTERNAL SOURCES:
  kotlin_library:
    :path: "../kotlin-library"

SPEC CHECKSUMS:
  kotlin_library: e819c13b5f8a42886023d2dc17f8709d08f8dc2a

PODFILE CHECKSUM: 98ce9362d35a6acdc4d7012113b571617446eddb

COCOAPODS: 1.16.2
